// !$*UTF8*$!
{
	archiveVersion = 1;
	classes = {
	};
	objectVersion = 50;
	objects = {

/* Begin PBXBuildFile section */
		440570EF22228F1B0057D709 /* ModuleFactory.swift in Sources */ = {isa = PBXBuildFile; fileRef = 440570EE22228F1B0057D709 /* ModuleFactory.swift */; };
		440570F12222986C0057D709 /* FavoritesView.swift in Sources */ = {isa = PBXBuildFile; fileRef = 440570F02222986C0057D709 /* FavoritesView.swift */; };
		440570F3222298790057D709 /* FavoritesViewModel.swift in Sources */ = {isa = PBXBuildFile; fileRef = 440570F2222298790057D709 /* FavoritesViewModel.swift */; };
		440570F5222298A90057D709 /* FavoritesStorage.swift in Sources */ = {isa = PBXBuildFile; fileRef = 440570F4222298A90057D709 /* FavoritesStorage.swift */; };
		440570F7222298EB0057D709 /* FavoriteRepository.swift in Sources */ = {isa = PBXBuildFile; fileRef = 440570F6222298EB0057D709 /* FavoriteRepository.swift */; };
		440570F92222992A0057D709 /* RepositoryDetailsView.swift in Sources */ = {isa = PBXBuildFile; fileRef = 440570F82222992A0057D709 /* RepositoryDetailsView.swift */; };
		440570FB222299380057D709 /* RepositoryDetailsViewModel.swift in Sources */ = {isa = PBXBuildFile; fileRef = 440570FA222299380057D709 /* RepositoryDetailsViewModel.swift */; };
		440570FD2222996C0057D709 /* AvatarsCache.swift in Sources */ = {isa = PBXBuildFile; fileRef = 440570FC2222996C0057D709 /* AvatarsCache.swift */; };
		440570FF2222C7440057D709 /* ServiceLocator.swift in Sources */ = {isa = PBXBuildFile; fileRef = 440570FE2222C7440057D709 /* ServiceLocator.swift */; };
		440571022222CC6E0057D709 /* GitHubAPIImp.swift in Sources */ = {isa = PBXBuildFile; fileRef = 440571012222CC6E0057D709 /* GitHubAPIImp.swift */; };
		441CAF7D222154950060D572 /* GitHubAPI.swift in Sources */ = {isa = PBXBuildFile; fileRef = 441CAF7C222154950060D572 /* GitHubAPI.swift */; };
		441CAF80222156B50060D572 /* AppRouter.swift in Sources */ = {isa = PBXBuildFile; fileRef = 441CAF7F222156B50060D572 /* AppRouter.swift */; };
		441CAF842221589A0060D572 /* RepositoriesView.swift in Sources */ = {isa = PBXBuildFile; fileRef = 441CAF832221589A0060D572 /* RepositoriesView.swift */; };
		441CAF86222158C10060D572 /* RepositoriesViewModel.swift in Sources */ = {isa = PBXBuildFile; fileRef = 441CAF85222158C10060D572 /* RepositoriesViewModel.swift */; };
		441CAF8822215B1F0060D572 /* GitHubRepository.swift in Sources */ = {isa = PBXBuildFile; fileRef = 441CAF8722215B1F0060D572 /* GitHubRepository.swift */; };
		443B6C1C22213ECA003BCB97 /* AppDelegate.swift in Sources */ = {isa = PBXBuildFile; fileRef = 443B6C1B22213ECA003BCB97 /* AppDelegate.swift */; };
		443B6C2322213ECA003BCB97 /* Assets.xcassets in Resources */ = {isa = PBXBuildFile; fileRef = 443B6C2222213ECA003BCB97 /* Assets.xcassets */; };
		443B6C2622213ECA003BCB97 /* LaunchScreen.storyboard in Resources */ = {isa = PBXBuildFile; fileRef = 443B6C2422213ECA003BCB97 /* LaunchScreen.storyboard */; };
		443B6C3122213ECB003BCB97 /* StanwoodAssignmentTests.swift in Sources */ = {isa = PBXBuildFile; fileRef = 443B6C3022213ECB003BCB97 /* StanwoodAssignmentTests.swift */; };
		63E03E2E64809010DF727A71 /* Pods_StanwoodAssignmentTests.framework in Frameworks */ = {isa = PBXBuildFile; fileRef = 9C80DB0FC866FC0C220864A7 /* Pods_StanwoodAssignmentTests.framework */; };
		9CDDE2B5A43FE45115B4B088 /* Pods_StanwoodAssignment.framework in Frameworks */ = {isa = PBXBuildFile; fileRef = E3F83B00D64DAD3AE474B17F /* Pods_StanwoodAssignment.framework */; };
/* End PBXBuildFile section */

/* Begin PBXContainerItemProxy section */
		443B6C2D22213ECB003BCB97 /* PBXContainerItemProxy */ = {
			isa = PBXContainerItemProxy;
			containerPortal = 443B6C1022213ECA003BCB97 /* Project object */;
			proxyType = 1;
			remoteGlobalIDString = 443B6C1722213ECA003BCB97;
			remoteInfo = StanwoodAssignment;
		};
/* End PBXContainerItemProxy section */

/* Begin PBXFileReference section */
		440570EE22228F1B0057D709 /* ModuleFactory.swift */ = {isa = PBXFileReference; lastKnownFileType = sourcecode.swift; path = ModuleFactory.swift; sourceTree = "<group>"; };
		440570F02222986C0057D709 /* FavoritesView.swift */ = {isa = PBXFileReference; lastKnownFileType = sourcecode.swift; path = FavoritesView.swift; sourceTree = "<group>"; };
		440570F2222298790057D709 /* FavoritesViewModel.swift */ = {isa = PBXFileReference; lastKnownFileType = sourcecode.swift; path = FavoritesViewModel.swift; sourceTree = "<group>"; };
		440570F4222298A90057D709 /* FavoritesStorage.swift */ = {isa = PBXFileReference; lastKnownFileType = sourcecode.swift; path = FavoritesStorage.swift; sourceTree = "<group>"; };
		440570F6222298EB0057D709 /* FavoriteRepository.swift */ = {isa = PBXFileReference; lastKnownFileType = sourcecode.swift; path = FavoriteRepository.swift; sourceTree = "<group>"; };
		440570F82222992A0057D709 /* RepositoryDetailsView.swift */ = {isa = PBXFileReference; lastKnownFileType = sourcecode.swift; path = RepositoryDetailsView.swift; sourceTree = "<group>"; };
		440570FA222299380057D709 /* RepositoryDetailsViewModel.swift */ = {isa = PBXFileReference; lastKnownFileType = sourcecode.swift; path = RepositoryDetailsViewModel.swift; sourceTree = "<group>"; };
		440570FC2222996C0057D709 /* AvatarsCache.swift */ = {isa = PBXFileReference; lastKnownFileType = sourcecode.swift; path = AvatarsCache.swift; sourceTree = "<group>"; };
		440570FE2222C7440057D709 /* ServiceLocator.swift */ = {isa = PBXFileReference; lastKnownFileType = sourcecode.swift; path = ServiceLocator.swift; sourceTree = "<group>"; };
		440571012222CC6E0057D709 /* GitHubAPIImp.swift */ = {isa = PBXFileReference; lastKnownFileType = sourcecode.swift; path = GitHubAPIImp.swift; sourceTree = "<group>"; };
		441CAF7C222154950060D572 /* GitHubAPI.swift */ = {isa = PBXFileReference; lastKnownFileType = sourcecode.swift; path = GitHubAPI.swift; sourceTree = "<group>"; };
		441CAF7F222156B50060D572 /* AppRouter.swift */ = {isa = PBXFileReference; lastKnownFileType = sourcecode.swift; path = AppRouter.swift; sourceTree = "<group>"; };
		441CAF832221589A0060D572 /* RepositoriesView.swift */ = {isa = PBXFileReference; lastKnownFileType = sourcecode.swift; path = RepositoriesView.swift; sourceTree = "<group>"; };
		441CAF85222158C10060D572 /* RepositoriesViewModel.swift */ = {isa = PBXFileReference; lastKnownFileType = sourcecode.swift; path = RepositoriesViewModel.swift; sourceTree = "<group>"; };
		441CAF8722215B1F0060D572 /* GitHubRepository.swift */ = {isa = PBXFileReference; lastKnownFileType = sourcecode.swift; path = GitHubRepository.swift; sourceTree = "<group>"; };
		443B6C1822213ECA003BCB97 /* StanwoodAssignment.app */ = {isa = PBXFileReference; explicitFileType = wrapper.application; includeInIndex = 0; path = StanwoodAssignment.app; sourceTree = BUILT_PRODUCTS_DIR; };
		443B6C1B22213ECA003BCB97 /* AppDelegate.swift */ = {isa = PBXFileReference; lastKnownFileType = sourcecode.swift; path = AppDelegate.swift; sourceTree = "<group>"; };
		443B6C2222213ECA003BCB97 /* Assets.xcassets */ = {isa = PBXFileReference; lastKnownFileType = folder.assetcatalog; path = Assets.xcassets; sourceTree = "<group>"; };
		443B6C2522213ECA003BCB97 /* Base */ = {isa = PBXFileReference; lastKnownFileType = file.storyboard; name = Base; path = Base.lproj/LaunchScreen.storyboard; sourceTree = "<group>"; };
		443B6C2722213ECA003BCB97 /* Info.plist */ = {isa = PBXFileReference; lastKnownFileType = text.plist.xml; path = Info.plist; sourceTree = "<group>"; };
		443B6C2C22213ECB003BCB97 /* StanwoodAssignmentTests.xctest */ = {isa = PBXFileReference; explicitFileType = wrapper.cfbundle; includeInIndex = 0; path = StanwoodAssignmentTests.xctest; sourceTree = BUILT_PRODUCTS_DIR; };
		443B6C3022213ECB003BCB97 /* StanwoodAssignmentTests.swift */ = {isa = PBXFileReference; lastKnownFileType = sourcecode.swift; path = StanwoodAssignmentTests.swift; sourceTree = "<group>"; };
		443B6C3222213ECB003BCB97 /* Info.plist */ = {isa = PBXFileReference; lastKnownFileType = text.plist.xml; path = Info.plist; sourceTree = "<group>"; };
		9171B2DF4F28D7BC1EDAA2D5 /* Pods-StanwoodAssignmentTests.release.xcconfig */ = {isa = PBXFileReference; includeInIndex = 1; lastKnownFileType = text.xcconfig; name = "Pods-StanwoodAssignmentTests.release.xcconfig"; path = "Target Support Files/Pods-StanwoodAssignmentTests/Pods-StanwoodAssignmentTests.release.xcconfig"; sourceTree = "<group>"; };
		9C80DB0FC866FC0C220864A7 /* Pods_StanwoodAssignmentTests.framework */ = {isa = PBXFileReference; explicitFileType = wrapper.framework; includeInIndex = 0; path = Pods_StanwoodAssignmentTests.framework; sourceTree = BUILT_PRODUCTS_DIR; };
		B070245C85F2DCEE6190C605 /* Pods-StanwoodAssignment.debug.xcconfig */ = {isa = PBXFileReference; includeInIndex = 1; lastKnownFileType = text.xcconfig; name = "Pods-StanwoodAssignment.debug.xcconfig"; path = "Target Support Files/Pods-StanwoodAssignment/Pods-StanwoodAssignment.debug.xcconfig"; sourceTree = "<group>"; };
		E3F83B00D64DAD3AE474B17F /* Pods_StanwoodAssignment.framework */ = {isa = PBXFileReference; explicitFileType = wrapper.framework; includeInIndex = 0; path = Pods_StanwoodAssignment.framework; sourceTree = BUILT_PRODUCTS_DIR; };
		EA72266EC3636B441D646519 /* Pods-StanwoodAssignment.release.xcconfig */ = {isa = PBXFileReference; includeInIndex = 1; lastKnownFileType = text.xcconfig; name = "Pods-StanwoodAssignment.release.xcconfig"; path = "Target Support Files/Pods-StanwoodAssignment/Pods-StanwoodAssignment.release.xcconfig"; sourceTree = "<group>"; };
		F1452B614D11C8BCA4C967EA /* Pods-StanwoodAssignmentTests.debug.xcconfig */ = {isa = PBXFileReference; includeInIndex = 1; lastKnownFileType = text.xcconfig; name = "Pods-StanwoodAssignmentTests.debug.xcconfig"; path = "Target Support Files/Pods-StanwoodAssignmentTests/Pods-StanwoodAssignmentTests.debug.xcconfig"; sourceTree = "<group>"; };
/* End PBXFileReference section */

/* Begin PBXFrameworksBuildPhase section */
		443B6C1522213ECA003BCB97 /* Frameworks */ = {
			isa = PBXFrameworksBuildPhase;
			buildActionMask = 2147483647;
			files = (
				9CDDE2B5A43FE45115B4B088 /* Pods_StanwoodAssignment.framework in Frameworks */,
			);
			runOnlyForDeploymentPostprocessing = 0;
		};
		443B6C2922213ECB003BCB97 /* Frameworks */ = {
			isa = PBXFrameworksBuildPhase;
			buildActionMask = 2147483647;
			files = (
				63E03E2E64809010DF727A71 /* Pods_StanwoodAssignmentTests.framework in Frameworks */,
			);
			runOnlyForDeploymentPostprocessing = 0;
		};
/* End PBXFrameworksBuildPhase section */

/* Begin PBXGroup section */
		0692E6A2927076DD42F75AC0 /* Pods */ = {
			isa = PBXGroup;
			children = (
				B070245C85F2DCEE6190C605 /* Pods-StanwoodAssignment.debug.xcconfig */,
				EA72266EC3636B441D646519 /* Pods-StanwoodAssignment.release.xcconfig */,
				F1452B614D11C8BCA4C967EA /* Pods-StanwoodAssignmentTests.debug.xcconfig */,
				9171B2DF4F28D7BC1EDAA2D5 /* Pods-StanwoodAssignmentTests.release.xcconfig */,
			);
			path = Pods;
			sourceTree = "<group>";
		};
		441CAF722221497F0060D572 /* Repositories */ = {
			isa = PBXGroup;
			children = (
				441CAF832221589A0060D572 /* RepositoriesView.swift */,
				441CAF85222158C10060D572 /* RepositoriesViewModel.swift */,
			);
			path = Repositories;
			sourceTree = "<group>";
		};
		441CAF73222149920060D572 /* Favorites */ = {
			isa = PBXGroup;
			children = (
				440570F02222986C0057D709 /* FavoritesView.swift */,
				440570F2222298790057D709 /* FavoritesViewModel.swift */,
			);
			path = Favorites;
			sourceTree = "<group>";
		};
		441CAF742221499F0060D572 /* Repository details */ = {
			isa = PBXGroup;
			children = (
				440570F82222992A0057D709 /* RepositoryDetailsView.swift */,
				440570FA222299380057D709 /* RepositoryDetailsViewModel.swift */,
			);
			path = "Repository details";
			sourceTree = "<group>";
		};
		441CAF79222154190060D572 /* Extensions */ = {
			isa = PBXGroup;
			children = (
			);
			path = Extensions;
			sourceTree = "<group>";
		};
		441CAF7A222154220060D572 /* Screens */ = {
			isa = PBXGroup;
			children = (
				441CAF722221497F0060D572 /* Repositories */,
				441CAF73222149920060D572 /* Favorites */,
				441CAF742221499F0060D572 /* Repository details */,
			);
			path = Screens;
			sourceTree = "<group>";
		};
		441CAF7B222154640060D572 /* Services */ = {
			isa = PBXGroup;
			children = (
				441CAF7C222154950060D572 /* GitHubAPI.swift */,
				440571012222CC6E0057D709 /* GitHubAPIImp.swift */,
				440570F4222298A90057D709 /* FavoritesStorage.swift */,
				440570FC2222996C0057D709 /* AvatarsCache.swift */,
				440570FE2222C7440057D709 /* ServiceLocator.swift */,
			);
			path = Services;
			sourceTree = "<group>";
		};
		441CAF7E2221557F0060D572 /* Model */ = {
			isa = PBXGroup;
			children = (
				441CAF8722215B1F0060D572 /* GitHubRepository.swift */,
				440570F6222298EB0057D709 /* FavoriteRepository.swift */,
			);
			path = Model;
			sourceTree = "<group>";
		};
		443B6C0F22213ECA003BCB97 = {
			isa = PBXGroup;
			children = (
				443B6C1A22213ECA003BCB97 /* StanwoodAssignment */,
				443B6C2F22213ECB003BCB97 /* StanwoodAssignmentTests */,
				443B6C1922213ECA003BCB97 /* Products */,
				0692E6A2927076DD42F75AC0 /* Pods */,
				B14B2F5C18DC5518780A2947 /* Frameworks */,
			);
			sourceTree = "<group>";
		};
		443B6C1922213ECA003BCB97 /* Products */ = {
			isa = PBXGroup;
			children = (
				443B6C1822213ECA003BCB97 /* StanwoodAssignment.app */,
				443B6C2C22213ECB003BCB97 /* StanwoodAssignmentTests.xctest */,
			);
			name = Products;
			sourceTree = "<group>";
		};
		443B6C1A22213ECA003BCB97 /* StanwoodAssignment */ = {
			isa = PBXGroup;
			children = (
				441CAF7A222154220060D572 /* Screens */,
				441CAF7B222154640060D572 /* Services */,
				441CAF7E2221557F0060D572 /* Model */,
				441CAF79222154190060D572 /* Extensions */,
				443B6C1B22213ECA003BCB97 /* AppDelegate.swift */,
				441CAF7F222156B50060D572 /* AppRouter.swift */,
				440570EE22228F1B0057D709 /* ModuleFactory.swift */,
				443B6C2222213ECA003BCB97 /* Assets.xcassets */,
				443B6C2422213ECA003BCB97 /* LaunchScreen.storyboard */,
				443B6C2722213ECA003BCB97 /* Info.plist */,
			);
			path = StanwoodAssignment;
			sourceTree = "<group>";
		};
		443B6C2F22213ECB003BCB97 /* StanwoodAssignmentTests */ = {
			isa = PBXGroup;
			children = (
				443B6C3022213ECB003BCB97 /* StanwoodAssignmentTests.swift */,
				443B6C3222213ECB003BCB97 /* Info.plist */,
			);
			path = StanwoodAssignmentTests;
			sourceTree = "<group>";
		};
		B14B2F5C18DC5518780A2947 /* Frameworks */ = {
			isa = PBXGroup;
			children = (
				E3F83B00D64DAD3AE474B17F /* Pods_StanwoodAssignment.framework */,
				9C80DB0FC866FC0C220864A7 /* Pods_StanwoodAssignmentTests.framework */,
			);
			name = Frameworks;
			sourceTree = "<group>";
		};
/* End PBXGroup section */

/* Begin PBXNativeTarget section */
		443B6C1722213ECA003BCB97 /* StanwoodAssignment */ = {
			isa = PBXNativeTarget;
			buildConfigurationList = 443B6C3522213ECB003BCB97 /* Build configuration list for PBXNativeTarget "StanwoodAssignment" */;
			buildPhases = (
				B3AE33EFF2583B6D4D84D752 /* [CP] Check Pods Manifest.lock */,
				443B6C1422213ECA003BCB97 /* Sources */,
				443B6C1522213ECA003BCB97 /* Frameworks */,
				443B6C1622213ECA003BCB97 /* Resources */,
				7ED4785783ECB3AAB28F1496 /* [CP] Embed Pods Frameworks */,
			);
			buildRules = (
			);
			dependencies = (
			);
			name = StanwoodAssignment;
			productName = StanwoodAssignment;
			productReference = 443B6C1822213ECA003BCB97 /* StanwoodAssignment.app */;
			productType = "com.apple.product-type.application";
		};
		443B6C2B22213ECB003BCB97 /* StanwoodAssignmentTests */ = {
			isa = PBXNativeTarget;
			buildConfigurationList = 443B6C3822213ECB003BCB97 /* Build configuration list for PBXNativeTarget "StanwoodAssignmentTests" */;
			buildPhases = (
				CE367E847EC56B58FB3C45C4 /* [CP] Check Pods Manifest.lock */,
				443B6C2822213ECB003BCB97 /* Sources */,
				443B6C2922213ECB003BCB97 /* Frameworks */,
				443B6C2A22213ECB003BCB97 /* Resources */,
			);
			buildRules = (
			);
			dependencies = (
				443B6C2E22213ECB003BCB97 /* PBXTargetDependency */,
			);
			name = StanwoodAssignmentTests;
			productName = StanwoodAssignmentTests;
			productReference = 443B6C2C22213ECB003BCB97 /* StanwoodAssignmentTests.xctest */;
			productType = "com.apple.product-type.bundle.unit-test";
		};
/* End PBXNativeTarget section */

/* Begin PBXProject section */
		443B6C1022213ECA003BCB97 /* Project object */ = {
			isa = PBXProject;
			attributes = {
				LastSwiftUpdateCheck = 1010;
				LastUpgradeCheck = 1010;
				ORGANIZATIONNAME = "Sergej Pershaj";
				TargetAttributes = {
					443B6C1722213ECA003BCB97 = {
						CreatedOnToolsVersion = 10.1;
					};
					443B6C2B22213ECB003BCB97 = {
						CreatedOnToolsVersion = 10.1;
						TestTargetID = 443B6C1722213ECA003BCB97;
					};
				};
			};
			buildConfigurationList = 443B6C1322213ECA003BCB97 /* Build configuration list for PBXProject "StanwoodAssignment" */;
			compatibilityVersion = "Xcode 9.3";
			developmentRegion = en;
			hasScannedForEncodings = 0;
			knownRegions = (
				en,
				Base,
			);
			mainGroup = 443B6C0F22213ECA003BCB97;
			productRefGroup = 443B6C1922213ECA003BCB97 /* Products */;
			projectDirPath = "";
			projectRoot = "";
			targets = (
				443B6C1722213ECA003BCB97 /* StanwoodAssignment */,
				443B6C2B22213ECB003BCB97 /* StanwoodAssignmentTests */,
			);
		};
/* End PBXProject section */

/* Begin PBXResourcesBuildPhase section */
		443B6C1622213ECA003BCB97 /* Resources */ = {
			isa = PBXResourcesBuildPhase;
			buildActionMask = 2147483647;
			files = (
				443B6C2622213ECA003BCB97 /* LaunchScreen.storyboard in Resources */,
				443B6C2322213ECA003BCB97 /* Assets.xcassets in Resources */,
			);
			runOnlyForDeploymentPostprocessing = 0;
		};
		443B6C2A22213ECB003BCB97 /* Resources */ = {
			isa = PBXResourcesBuildPhase;
			buildActionMask = 2147483647;
			files = (
			);
			runOnlyForDeploymentPostprocessing = 0;
		};
/* End PBXResourcesBuildPhase section */

/* Begin PBXShellScriptBuildPhase section */
		7ED4785783ECB3AAB28F1496 /* [CP] Embed Pods Frameworks */ = {
			isa = PBXShellScriptBuildPhase;
			buildActionMask = 2147483647;
			files = (
			);
			inputFileListPaths = (
			);
			inputPaths = (
				"${PODS_ROOT}/Target Support Files/Pods-StanwoodAssignment/Pods-StanwoodAssignment-frameworks.sh",
				"${BUILT_PRODUCTS_DIR}/StanwoodCore/StanwoodCore.framework",
			);
			name = "[CP] Embed Pods Frameworks";
			outputFileListPaths = (
			);
			outputPaths = (
				"${TARGET_BUILD_DIR}/${FRAMEWORKS_FOLDER_PATH}/StanwoodCore.framework",
			);
			runOnlyForDeploymentPostprocessing = 0;
			shellPath = /bin/sh;
			shellScript = "\"${PODS_ROOT}/Target Support Files/Pods-StanwoodAssignment/Pods-StanwoodAssignment-frameworks.sh\"\n";
			showEnvVarsInLog = 0;
		};
		B3AE33EFF2583B6D4D84D752 /* [CP] Check Pods Manifest.lock */ = {
			isa = PBXShellScriptBuildPhase;
			buildActionMask = 2147483647;
			files = (
			);
			inputFileListPaths = (
			);
			inputPaths = (
				"${PODS_PODFILE_DIR_PATH}/Podfile.lock",
				"${PODS_ROOT}/Manifest.lock",
			);
			name = "[CP] Check Pods Manifest.lock";
			outputFileListPaths = (
			);
			outputPaths = (
				"$(DERIVED_FILE_DIR)/Pods-StanwoodAssignment-checkManifestLockResult.txt",
			);
			runOnlyForDeploymentPostprocessing = 0;
			shellPath = /bin/sh;
			shellScript = "diff \"${PODS_PODFILE_DIR_PATH}/Podfile.lock\" \"${PODS_ROOT}/Manifest.lock\" > /dev/null\nif [ $? != 0 ] ; then\n    # print error to STDERR\n    echo \"error: The sandbox is not in sync with the Podfile.lock. Run 'pod install' or update your CocoaPods installation.\" >&2\n    exit 1\nfi\n# This output is used by Xcode 'outputs' to avoid re-running this script phase.\necho \"SUCCESS\" > \"${SCRIPT_OUTPUT_FILE_0}\"\n";
			showEnvVarsInLog = 0;
		};
		CE367E847EC56B58FB3C45C4 /* [CP] Check Pods Manifest.lock */ = {
			isa = PBXShellScriptBuildPhase;
			buildActionMask = 2147483647;
			files = (
			);
			inputFileListPaths = (
			);
			inputPaths = (
				"${PODS_PODFILE_DIR_PATH}/Podfile.lock",
				"${PODS_ROOT}/Manifest.lock",
			);
			name = "[CP] Check Pods Manifest.lock";
			outputFileListPaths = (
			);
			outputPaths = (
				"$(DERIVED_FILE_DIR)/Pods-StanwoodAssignmentTests-checkManifestLockResult.txt",
			);
			runOnlyForDeploymentPostprocessing = 0;
			shellPath = /bin/sh;
			shellScript = "diff \"${PODS_PODFILE_DIR_PATH}/Podfile.lock\" \"${PODS_ROOT}/Manifest.lock\" > /dev/null\nif [ $? != 0 ] ; then\n    # print error to STDERR\n    echo \"error: The sandbox is not in sync with the Podfile.lock. Run 'pod install' or update your CocoaPods installation.\" >&2\n    exit 1\nfi\n# This output is used by Xcode 'outputs' to avoid re-running this script phase.\necho \"SUCCESS\" > \"${SCRIPT_OUTPUT_FILE_0}\"\n";
			showEnvVarsInLog = 0;
		};
/* End PBXShellScriptBuildPhase section */

/* Begin PBXSourcesBuildPhase section */
		443B6C1422213ECA003BCB97 /* Sources */ = {
			isa = PBXSourcesBuildPhase;
			buildActionMask = 2147483647;
			files = (
				440571022222CC6E0057D709 /* GitHubAPIImp.swift in Sources */,
				443B6C1C22213ECA003BCB97 /* AppDelegate.swift in Sources */,
				441CAF80222156B50060D572 /* AppRouter.swift in Sources */,
				441CAF842221589A0060D572 /* RepositoriesView.swift in Sources */,
				440570FB222299380057D709 /* RepositoryDetailsViewModel.swift in Sources */,
				440570F5222298A90057D709 /* FavoritesStorage.swift in Sources */,
				440570F3222298790057D709 /* FavoritesViewModel.swift in Sources */,
				440570FF2222C7440057D709 /* ServiceLocator.swift in Sources */,
				440570EF22228F1B0057D709 /* ModuleFactory.swift in Sources */,
				440570F12222986C0057D709 /* FavoritesView.swift in Sources */,
				440570F7222298EB0057D709 /* FavoriteRepository.swift in Sources */,
				441CAF86222158C10060D572 /* RepositoriesViewModel.swift in Sources */,
				441CAF8822215B1F0060D572 /* GitHubRepository.swift in Sources */,
				441CAF7D222154950060D572 /* GitHubAPI.swift in Sources */,
				440570FD2222996C0057D709 /* AvatarsCache.swift in Sources */,
				440570F92222992A0057D709 /* RepositoryDetailsView.swift in Sources */,
			);
			runOnlyForDeploymentPostprocessing = 0;
		};
		443B6C2822213ECB003BCB97 /* Sources */ = {
			isa = PBXSourcesBuildPhase;
			buildActionMask = 2147483647;
			files = (
				443B6C3122213ECB003BCB97 /* StanwoodAssignmentTests.swift in Sources */,
			);
			runOnlyForDeploymentPostprocessing = 0;
		};
/* End PBXSourcesBuildPhase section */

/* Begin PBXTargetDependency section */
		443B6C2E22213ECB003BCB97 /* PBXTargetDependency */ = {
			isa = PBXTargetDependency;
			target = 443B6C1722213ECA003BCB97 /* StanwoodAssignment */;
			targetProxy = 443B6C2D22213ECB003BCB97 /* PBXContainerItemProxy */;
		};
/* End PBXTargetDependency section */

/* Begin PBXVariantGroup section */
		443B6C2422213ECA003BCB97 /* LaunchScreen.storyboard */ = {
			isa = PBXVariantGroup;
			children = (
				443B6C2522213ECA003BCB97 /* Base */,
			);
			name = LaunchScreen.storyboard;
			sourceTree = "<group>";
		};
/* End PBXVariantGroup section */

/* Begin XCBuildConfiguration section */
		443B6C3322213ECB003BCB97 /* Debug */ = {
			isa = XCBuildConfiguration;
			buildSettings = {
				ALWAYS_SEARCH_USER_PATHS = NO;
				CLANG_ANALYZER_NONNULL = YES;
				CLANG_ANALYZER_NUMBER_OBJECT_CONVERSION = YES_AGGRESSIVE;
				CLANG_CXX_LANGUAGE_STANDARD = "gnu++14";
				CLANG_CXX_LIBRARY = "libc++";
				CLANG_ENABLE_MODULES = YES;
				CLANG_ENABLE_OBJC_ARC = YES;
				CLANG_ENABLE_OBJC_WEAK = YES;
				CLANG_WARN_BLOCK_CAPTURE_AUTORELEASING = YES;
				CLANG_WARN_BOOL_CONVERSION = YES;
				CLANG_WARN_COMMA = YES;
				CLANG_WARN_CONSTANT_CONVERSION = YES;
				CLANG_WARN_DEPRECATED_OBJC_IMPLEMENTATIONS = YES;
				CLANG_WARN_DIRECT_OBJC_ISA_USAGE = YES_ERROR;
				CLANG_WARN_DOCUMENTATION_COMMENTS = YES;
				CLANG_WARN_EMPTY_BODY = YES;
				CLANG_WARN_ENUM_CONVERSION = YES;
				CLANG_WARN_INFINITE_RECURSION = YES;
				CLANG_WARN_INT_CONVERSION = YES;
				CLANG_WARN_NON_LITERAL_NULL_CONVERSION = YES;
				CLANG_WARN_OBJC_IMPLICIT_RETAIN_SELF = YES;
				CLANG_WARN_OBJC_LITERAL_CONVERSION = YES;
				CLANG_WARN_OBJC_ROOT_CLASS = YES_ERROR;
				CLANG_WARN_RANGE_LOOP_ANALYSIS = YES;
				CLANG_WARN_STRICT_PROTOTYPES = YES;
				CLANG_WARN_SUSPICIOUS_MOVE = YES;
				CLANG_WARN_UNGUARDED_AVAILABILITY = YES_AGGRESSIVE;
				CLANG_WARN_UNREACHABLE_CODE = YES;
				CLANG_WARN__DUPLICATE_METHOD_MATCH = YES;
				CODE_SIGN_IDENTITY = "iPhone Developer";
				COPY_PHASE_STRIP = NO;
				DEBUG_INFORMATION_FORMAT = dwarf;
				ENABLE_STRICT_OBJC_MSGSEND = YES;
				ENABLE_TESTABILITY = YES;
				GCC_C_LANGUAGE_STANDARD = gnu11;
				GCC_DYNAMIC_NO_PIC = NO;
				GCC_NO_COMMON_BLOCKS = YES;
				GCC_OPTIMIZATION_LEVEL = 0;
				GCC_PREPROCESSOR_DEFINITIONS = (
					"DEBUG=1",
					"$(inherited)",
				);
				GCC_WARN_64_TO_32_BIT_CONVERSION = YES;
				GCC_WARN_ABOUT_RETURN_TYPE = YES_ERROR;
				GCC_WARN_UNDECLARED_SELECTOR = YES;
				GCC_WARN_UNINITIALIZED_AUTOS = YES_AGGRESSIVE;
				GCC_WARN_UNUSED_FUNCTION = YES;
				GCC_WARN_UNUSED_VARIABLE = YES;
				IPHONEOS_DEPLOYMENT_TARGET = 11.0;
				MTL_ENABLE_DEBUG_INFO = INCLUDE_SOURCE;
				MTL_FAST_MATH = YES;
				ONLY_ACTIVE_ARCH = YES;
				SDKROOT = iphoneos;
				SWIFT_ACTIVE_COMPILATION_CONDITIONS = DEBUG;
				SWIFT_OPTIMIZATION_LEVEL = "-Onone";
			};
			name = Debug;
		};
		443B6C3422213ECB003BCB97 /* Release */ = {
			isa = XCBuildConfiguration;
			buildSettings = {
				ALWAYS_SEARCH_USER_PATHS = NO;
				CLANG_ANALYZER_NONNULL = YES;
				CLANG_ANALYZER_NUMBER_OBJECT_CONVERSION = YES_AGGRESSIVE;
				CLANG_CXX_LANGUAGE_STANDARD = "gnu++14";
				CLANG_CXX_LIBRARY = "libc++";
				CLANG_ENABLE_MODULES = YES;
				CLANG_ENABLE_OBJC_ARC = YES;
				CLANG_ENABLE_OBJC_WEAK = YES;
				CLANG_WARN_BLOCK_CAPTURE_AUTORELEASING = YES;
				CLANG_WARN_BOOL_CONVERSION = YES;
				CLANG_WARN_COMMA = YES;
				CLANG_WARN_CONSTANT_CONVERSION = YES;
				CLANG_WARN_DEPRECATED_OBJC_IMPLEMENTATIONS = YES;
				CLANG_WARN_DIRECT_OBJC_ISA_USAGE = YES_ERROR;
				CLANG_WARN_DOCUMENTATION_COMMENTS = YES;
				CLANG_WARN_EMPTY_BODY = YES;
				CLANG_WARN_ENUM_CONVERSION = YES;
				CLANG_WARN_INFINITE_RECURSION = YES;
				CLANG_WARN_INT_CONVERSION = YES;
				CLANG_WARN_NON_LITERAL_NULL_CONVERSION = YES;
				CLANG_WARN_OBJC_IMPLICIT_RETAIN_SELF = YES;
				CLANG_WARN_OBJC_LITERAL_CONVERSION = YES;
				CLANG_WARN_OBJC_ROOT_CLASS = YES_ERROR;
				CLANG_WARN_RANGE_LOOP_ANALYSIS = YES;
				CLANG_WARN_STRICT_PROTOTYPES = YES;
				CLANG_WARN_SUSPICIOUS_MOVE = YES;
				CLANG_WARN_UNGUARDED_AVAILABILITY = YES_AGGRESSIVE;
				CLANG_WARN_UNREACHABLE_CODE = YES;
				CLANG_WARN__DUPLICATE_METHOD_MATCH = YES;
				CODE_SIGN_IDENTITY = "iPhone Developer";
				COPY_PHASE_STRIP = NO;
				DEBUG_INFORMATION_FORMAT = "dwarf-with-dsym";
				ENABLE_NS_ASSERTIONS = NO;
				ENABLE_STRICT_OBJC_MSGSEND = YES;
				GCC_C_LANGUAGE_STANDARD = gnu11;
				GCC_NO_COMMON_BLOCKS = YES;
				GCC_WARN_64_TO_32_BIT_CONVERSION = YES;
				GCC_WARN_ABOUT_RETURN_TYPE = YES_ERROR;
				GCC_WARN_UNDECLARED_SELECTOR = YES;
				GCC_WARN_UNINITIALIZED_AUTOS = YES_AGGRESSIVE;
				GCC_WARN_UNUSED_FUNCTION = YES;
				GCC_WARN_UNUSED_VARIABLE = YES;
				IPHONEOS_DEPLOYMENT_TARGET = 11.0;
				MTL_ENABLE_DEBUG_INFO = NO;
				MTL_FAST_MATH = YES;
				SDKROOT = iphoneos;
				SWIFT_COMPILATION_MODE = wholemodule;
				SWIFT_OPTIMIZATION_LEVEL = "-O";
				VALIDATE_PRODUCT = YES;
			};
			name = Release;
		};
		443B6C3622213ECB003BCB97 /* Debug */ = {
			isa = XCBuildConfiguration;
			baseConfigurationReference = B070245C85F2DCEE6190C605 /* Pods-StanwoodAssignment.debug.xcconfig */;
			buildSettings = {
				ASSETCATALOG_COMPILER_APPICON_NAME = AppIcon;
				CODE_SIGN_STYLE = Automatic;
				DEVELOPMENT_TEAM = 3B7K8TZRFA;
				INFOPLIST_FILE = StanwoodAssignment/Info.plist;
				LD_RUNPATH_SEARCH_PATHS = (
					"$(inherited)",
					"@executable_path/Frameworks",
				);
				PRODUCT_BUNDLE_IDENTIFIER = com.pershaj.StanwoodAssignment;
				PRODUCT_NAME = "$(TARGET_NAME)";
				SWIFT_VERSION = 4.2;
				TARGETED_DEVICE_FAMILY = "1,2";
			};
			name = Debug;
		};
		443B6C3722213ECB003BCB97 /* Release */ = {
			isa = XCBuildConfiguration;
			baseConfigurationReference = EA72266EC3636B441D646519 /* Pods-StanwoodAssignment.release.xcconfig */;
			buildSettings = {
				ASSETCATALOG_COMPILER_APPICON_NAME = AppIcon;
				CODE_SIGN_STYLE = Automatic;
				DEVELOPMENT_TEAM = 3B7K8TZRFA;
				INFOPLIST_FILE = StanwoodAssignment/Info.plist;
				LD_RUNPATH_SEARCH_PATHS = (
					"$(inherited)",
					"@executable_path/Frameworks",
				);
				PRODUCT_BUNDLE_IDENTIFIER = com.pershaj.StanwoodAssignment;
				PRODUCT_NAME = "$(TARGET_NAME)";
				SWIFT_VERSION = 4.2;
				TARGETED_DEVICE_FAMILY = "1,2";
			};
			name = Release;
		};
		443B6C3922213ECB003BCB97 /* Debug */ = {
			isa = XCBuildConfiguration;
			baseConfigurationReference = F1452B614D11C8BCA4C967EA /* Pods-StanwoodAssignmentTests.debug.xcconfig */;
			buildSettings = {
				ALWAYS_EMBED_SWIFT_STANDARD_LIBRARIES = YES;
				BUNDLE_LOADER = "$(TEST_HOST)";
				CODE_SIGN_STYLE = Automatic;
				INFOPLIST_FILE = StanwoodAssignmentTests/Info.plist;
				LD_RUNPATH_SEARCH_PATHS = (
					"$(inherited)",
					"@executable_path/Frameworks",
					"@loader_path/Frameworks",
				);
				PRODUCT_BUNDLE_IDENTIFIER = com.pershaj.StanwoodAssignmentTests;
				PRODUCT_NAME = "$(TARGET_NAME)";
				SWIFT_VERSION = 4.2;
				TARGETED_DEVICE_FAMILY = "1,2";
				TEST_HOST = "$(BUILT_PRODUCTS_DIR)/StanwoodAssignment.app/StanwoodAssignment";
			};
			name = Debug;
		};
		443B6C3A22213ECB003BCB97 /* Release */ = {
			isa = XCBuildConfiguration;
			baseConfigurationReference = 9171B2DF4F28D7BC1EDAA2D5 /* Pods-StanwoodAssignmentTests.release.xcconfig */;
			buildSettings = {
				ALWAYS_EMBED_SWIFT_STANDARD_LIBRARIES = YES;
				BUNDLE_LOADER = "$(TEST_HOST)";
				CODE_SIGN_STYLE = Automatic;
				INFOPLIST_FILE = StanwoodAssignmentTests/Info.plist;
				LD_RUNPATH_SEARCH_PATHS = (
					"$(inherited)",
					"@executable_path/Frameworks",
					"@loader_path/Frameworks",
				);
				PRODUCT_BUNDLE_IDENTIFIER = com.pershaj.StanwoodAssignmentTests;
				PRODUCT_NAME = "$(TARGET_NAME)";
				SWIFT_VERSION = 4.2;
				TARGETED_DEVICE_FAMILY = "1,2";
				TEST_HOST = "$(BUILT_PRODUCTS_DIR)/StanwoodAssignment.app/StanwoodAssignment";
			};
			name = Release;
		};
/* End XCBuildConfiguration section */

/* Begin XCConfigurationList section */
		443B6C1322213ECA003BCB97 /* Build configuration list for PBXProject "StanwoodAssignment" */ = {
			isa = XCConfigurationList;
			buildConfigurations = (
				443B6C3322213ECB003BCB97 /* Debug */,
				443B6C3422213ECB003BCB97 /* Release */,
			);
			defaultConfigurationIsVisible = 0;
			defaultConfigurationName = Release;
		};
		443B6C3522213ECB003BCB97 /* Build configuration list for PBXNativeTarget "StanwoodAssignment" */ = {
			isa = XCConfigurationList;
			buildConfigurations = (
				443B6C3622213ECB003BCB97 /* Debug */,
				443B6C3722213ECB003BCB97 /* Release */,
			);
			defaultConfigurationIsVisible = 0;
			defaultConfigurationName = Release;
		};
		443B6C3822213ECB003BCB97 /* Build configuration list for PBXNativeTarget "StanwoodAssignmentTests" */ = {
			isa = XCConfigurationList;
			buildConfigurations = (
				443B6C3922213ECB003BCB97 /* Debug */,
				443B6C3A22213ECB003BCB97 /* Release */,
			);
			defaultConfigurationIsVisible = 0;
			defaultConfigurationName = Release;
		};
/* End XCConfigurationList section */
	};
	rootObject = 443B6C1022213ECA003BCB97 /* Project object */;
}
